// !$*UTF8*$!
{
	archiveVersion = 1;
	classes = {
	};
	objectVersion = 50;
	objects = {

/* Begin PBXBuildFile section */
		146C077F2546DFB400170B6F /* AppDelegate.swift in Sources */ = {isa = PBXBuildFile; fileRef = 146C077E2546DFB400170B6F /* AppDelegate.swift */; };
		146C07862546DFB400170B6F /* Main.storyboard in Resources */ = {isa = PBXBuildFile; fileRef = 146C07842546DFB400170B6F /* Main.storyboard */; };
		146C07882546DFB800170B6F /* Assets.xcassets in Resources */ = {isa = PBXBuildFile; fileRef = 146C07872546DFB800170B6F /* Assets.xcassets */; };
		146C078B2546DFB800170B6F /* LaunchScreen.storyboard in Resources */ = {isa = PBXBuildFile; fileRef = 146C07892546DFB800170B6F /* LaunchScreen.storyboard */; };
		146C07972546E04F00170B6F /* MusicViewControler.swift in Sources */ = {isa = PBXBuildFile; fileRef = 146C07952546E04F00170B6F /* MusicViewControler.swift */; };
		146C07982546E04F00170B6F /* MusicViewControler.xib in Resources */ = {isa = PBXBuildFile; fileRef = 146C07962546E04F00170B6F /* MusicViewControler.xib */; };
		14B53FCA2546EDF4006258CC /* TypeACell.swift in Sources */ = {isa = PBXBuildFile; fileRef = 14B53FC82546EDF4006258CC /* TypeACell.swift */; };
		14B53FCB2546EDF4006258CC /* TypeACell.xib in Resources */ = {isa = PBXBuildFile; fileRef = 14B53FC92546EDF4006258CC /* TypeACell.xib */; };
		14B53FCF2546EE04006258CC /* TypeBCell.swift in Sources */ = {isa = PBXBuildFile; fileRef = 14B53FCD2546EE04006258CC /* TypeBCell.swift */; };
		14B53FD02546EE04006258CC /* TypeBCell.xib in Resources */ = {isa = PBXBuildFile; fileRef = 14B53FCE2546EE04006258CC /* TypeBCell.xib */; };
		14B53FD52546F273006258CC /* TypeCCell.swift in Sources */ = {isa = PBXBuildFile; fileRef = 14B53FD32546F273006258CC /* TypeCCell.swift */; };
		14B53FD62546F273006258CC /* TypeCCell.xib in Resources */ = {isa = PBXBuildFile; fileRef = 14B53FD42546F273006258CC /* TypeCCell.xib */; };
		14B53FD92546F888006258CC /* CellProtocols.swift in Sources */ = {isa = PBXBuildFile; fileRef = 14B53FD82546F888006258CC /* CellProtocols.swift */; };
		14B53FE32546FBFA006258CC /* TypeDCell.swift in Sources */ = {isa = PBXBuildFile; fileRef = 14B53FE12546FBFA006258CC /* TypeDCell.swift */; };
		14B53FE42546FBFA006258CC /* TypeDCell.xib in Resources */ = {isa = PBXBuildFile; fileRef = 14B53FE22546FBFA006258CC /* TypeDCell.xib */; };
		14B53FEA25470539006258CC /* MainCell.swift in Sources */ = {isa = PBXBuildFile; fileRef = 14B53FE925470539006258CC /* MainCell.swift */; };
/* End PBXBuildFile section */

/* Begin PBXFileReference section */
		146C077B2546DFB400170B6F /* BatchUpdateDemo.app */ = {isa = PBXFileReference; explicitFileType = wrapper.application; includeInIndex = 0; path = BatchUpdateDemo.app; sourceTree = BUILT_PRODUCTS_DIR; };
		146C077E2546DFB400170B6F /* AppDelegate.swift */ = {isa = PBXFileReference; lastKnownFileType = sourcecode.swift; path = AppDelegate.swift; sourceTree = "<group>"; };
		146C07852546DFB400170B6F /* Base */ = {isa = PBXFileReference; lastKnownFileType = file.storyboard; name = Base; path = Base.lproj/Main.storyboard; sourceTree = "<group>"; };
		146C07872546DFB800170B6F /* Assets.xcassets */ = {isa = PBXFileReference; lastKnownFileType = folder.assetcatalog; path = Assets.xcassets; sourceTree = "<group>"; };
		146C078A2546DFB800170B6F /* Base */ = {isa = PBXFileReference; lastKnownFileType = file.storyboard; name = Base; path = Base.lproj/LaunchScreen.storyboard; sourceTree = "<group>"; };
		146C078C2546DFB800170B6F /* Info.plist */ = {isa = PBXFileReference; lastKnownFileType = text.plist.xml; path = Info.plist; sourceTree = "<group>"; };
		146C07952546E04F00170B6F /* MusicViewControler.swift */ = {isa = PBXFileReference; lastKnownFileType = sourcecode.swift; path = MusicViewControler.swift; sourceTree = "<group>"; };
		146C07962546E04F00170B6F /* MusicViewControler.xib */ = {isa = PBXFileReference; lastKnownFileType = file.xib; path = MusicViewControler.xib; sourceTree = "<group>"; };
		14B53FC82546EDF4006258CC /* TypeACell.swift */ = {isa = PBXFileReference; lastKnownFileType = sourcecode.swift; path = TypeACell.swift; sourceTree = "<group>"; };
		14B53FC92546EDF4006258CC /* TypeACell.xib */ = {isa = PBXFileReference; lastKnownFileType = file.xib; path = TypeACell.xib; sourceTree = "<group>"; };
		14B53FCD2546EE04006258CC /* TypeBCell.swift */ = {isa = PBXFileReference; lastKnownFileType = sourcecode.swift; path = TypeBCell.swift; sourceTree = "<group>"; };
		14B53FCE2546EE04006258CC /* TypeBCell.xib */ = {isa = PBXFileReference; lastKnownFileType = file.xib; path = TypeBCell.xib; sourceTree = "<group>"; };
		14B53FD32546F273006258CC /* TypeCCell.swift */ = {isa = PBXFileReference; lastKnownFileType = sourcecode.swift; path = TypeCCell.swift; sourceTree = "<group>"; };
		14B53FD42546F273006258CC /* TypeCCell.xib */ = {isa = PBXFileReference; lastKnownFileType = file.xib; path = TypeCCell.xib; sourceTree = "<group>"; };
		14B53FD82546F888006258CC /* CellProtocols.swift */ = {isa = PBXFileReference; lastKnownFileType = sourcecode.swift; path = CellProtocols.swift; sourceTree = "<group>"; };
		14B53FE12546FBFA006258CC /* TypeDCell.swift */ = {isa = PBXFileReference; lastKnownFileType = sourcecode.swift; path = TypeDCell.swift; sourceTree = "<group>"; };
		14B53FE22546FBFA006258CC /* TypeDCell.xib */ = {isa = PBXFileReference; lastKnownFileType = file.xib; path = TypeDCell.xib; sourceTree = "<group>"; };
		14B53FE925470539006258CC /* MainCell.swift */ = {isa = PBXFileReference; lastKnownFileType = sourcecode.swift; path = MainCell.swift; sourceTree = "<group>"; };
/* End PBXFileReference section */

/* Begin PBXFrameworksBuildPhase section */
		146C07782546DFB400170B6F /* Frameworks */ = {
			isa = PBXFrameworksBuildPhase;
			buildActionMask = 2147483647;
			files = (
			);
			runOnlyForDeploymentPostprocessing = 0;
		};
/* End PBXFrameworksBuildPhase section */

/* Begin PBXGroup section */
		146C07722546DFB400170B6F = {
			isa = PBXGroup;
			children = (
				146C077D2546DFB400170B6F /* BatchUpdateDemo */,
				146C077C2546DFB400170B6F /* Products */,
			);
			sourceTree = "<group>";
		};
		146C077C2546DFB400170B6F /* Products */ = {
			isa = PBXGroup;
			children = (
				146C077B2546DFB400170B6F /* BatchUpdateDemo.app */,
			);
			name = Products;
			sourceTree = "<group>";
		};
		146C077D2546DFB400170B6F /* BatchUpdateDemo */ = {
			isa = PBXGroup;
			children = (
				146C079A2546E05600170B6F /* VCs */,
				146C07932546DFBF00170B6F /* Cells */,
				146C077E2546DFB400170B6F /* AppDelegate.swift */,
				146C07842546DFB400170B6F /* Main.storyboard */,
				146C07872546DFB800170B6F /* Assets.xcassets */,
				146C07892546DFB800170B6F /* LaunchScreen.storyboard */,
				146C078C2546DFB800170B6F /* Info.plist */,
			);
			path = BatchUpdateDemo;
			sourceTree = "<group>";
		};
		146C07932546DFBF00170B6F /* Cells */ = {
			isa = PBXGroup;
			children = (
				14B53FE825470522006258CC /* MainCell */,
				14B53FC82546EDF4006258CC /* TypeACell.swift */,
				14B53FC92546EDF4006258CC /* TypeACell.xib */,
				14B53FCD2546EE04006258CC /* TypeBCell.swift */,
				14B53FCE2546EE04006258CC /* TypeBCell.xib */,
				14B53FD32546F273006258CC /* TypeCCell.swift */,
				14B53FD42546F273006258CC /* TypeCCell.xib */,
				14B53FD82546F888006258CC /* CellProtocols.swift */,
				14B53FE12546FBFA006258CC /* TypeDCell.swift */,
				14B53FE22546FBFA006258CC /* TypeDCell.xib */,
			);
			path = Cells;
			sourceTree = "<group>";
		};
		146C079A2546E05600170B6F /* VCs */ = {
			isa = PBXGroup;
			children = (
				146C07952546E04F00170B6F /* MusicViewControler.swift */,
				146C07962546E04F00170B6F /* MusicViewControler.xib */,
			);
			path = VCs;
			sourceTree = "<group>";
		};
		14B53FE825470522006258CC /* MainCell */ = {
			isa = PBXGroup;
			children = (
				14B53FE925470539006258CC /* MainCell.swift */,
			);
			path = MainCell;
			sourceTree = "<group>";
		};
/* End PBXGroup section */

/* Begin PBXNativeTarget section */
		146C077A2546DFB400170B6F /* BatchUpdateDemo */ = {
			isa = PBXNativeTarget;
			buildConfigurationList = 146C078F2546DFB800170B6F /* Build configuration list for PBXNativeTarget "BatchUpdateDemo" */;
			buildPhases = (
				146C07772546DFB400170B6F /* Sources */,
				146C07782546DFB400170B6F /* Frameworks */,
				146C07792546DFB400170B6F /* Resources */,
			);
			buildRules = (
			);
			dependencies = (
			);
			name = BatchUpdateDemo;
			productName = BatchUpdateDemo;
			productReference = 146C077B2546DFB400170B6F /* BatchUpdateDemo.app */;
			productType = "com.apple.product-type.application";
		};
/* End PBXNativeTarget section */

/* Begin PBXProject section */
		146C07732546DFB400170B6F /* Project object */ = {
			isa = PBXProject;
			attributes = {
				LastSwiftUpdateCheck = 1200;
				LastUpgradeCheck = 1200;
				TargetAttributes = {
					146C077A2546DFB400170B6F = {
						CreatedOnToolsVersion = 12.0.1;
					};
				};
			};
			buildConfigurationList = 146C07762546DFB400170B6F /* Build configuration list for PBXProject "BatchUpdateDemo" */;
			compatibilityVersion = "Xcode 9.3";
			developmentRegion = en;
			hasScannedForEncodings = 0;
			knownRegions = (
				en,
				Base,
			);
			mainGroup = 146C07722546DFB400170B6F;
			productRefGroup = 146C077C2546DFB400170B6F /* Products */;
			projectDirPath = "";
			projectRoot = "";
			targets = (
				146C077A2546DFB400170B6F /* BatchUpdateDemo */,
			);
		};
/* End PBXProject section */

/* Begin PBXResourcesBuildPhase section */
		146C07792546DFB400170B6F /* Resources */ = {
			isa = PBXResourcesBuildPhase;
			buildActionMask = 2147483647;
			files = (
				146C078B2546DFB800170B6F /* LaunchScreen.storyboard in Resources */,
				146C07882546DFB800170B6F /* Assets.xcassets in Resources */,
				14B53FCB2546EDF4006258CC /* TypeACell.xib in Resources */,
				146C07862546DFB400170B6F /* Main.storyboard in Resources */,
				14B53FE42546FBFA006258CC /* TypeDCell.xib in Resources */,
				14B53FD62546F273006258CC /* TypeCCell.xib in Resources */,
				14B53FD02546EE04006258CC /* TypeBCell.xib in Resources */,
				146C07982546E04F00170B6F /* MusicViewControler.xib in Resources */,
			);
			runOnlyForDeploymentPostprocessing = 0;
		};
/* End PBXResourcesBuildPhase section */

/* Begin PBXSourcesBuildPhase section */
		146C07772546DFB400170B6F /* Sources */ = {
			isa = PBXSourcesBuildPhase;
			buildActionMask = 2147483647;
			files = (
				146C077F2546DFB400170B6F /* AppDelegate.swift in Sources */,
				14B53FD92546F888006258CC /* CellProtocols.swift in Sources */,
				14B53FCA2546EDF4006258CC /* TypeACell.swift in Sources */,
				14B53FD52546F273006258CC /* TypeCCell.swift in Sources */,
				14B53FCF2546EE04006258CC /* TypeBCell.swift in Sources */,
				14B53FE32546FBFA006258CC /* TypeDCell.swift in Sources */,
				14B53FEA25470539006258CC /* MainCell.swift in Sources */,
				146C07972546E04F00170B6F /* MusicViewControler.swift in Sources */,
			);
			runOnlyForDeploymentPostprocessing = 0;
		};
/* End PBXSourcesBuildPhase section */

/* Begin PBXVariantGroup section */
		146C07842546DFB400170B6F /* Main.storyboard */ = {
			isa = PBXVariantGroup;
			children = (
				146C07852546DFB400170B6F /* Base */,
			);
			name = Main.storyboard;
			sourceTree = "<group>";
		};
		146C07892546DFB800170B6F /* LaunchScreen.storyboard */ = {
			isa = PBXVariantGroup;
			children = (
				146C078A2546DFB800170B6F /* Base */,
			);
			name = LaunchScreen.storyboard;
			sourceTree = "<group>";
		};
/* End PBXVariantGroup section */

/* Begin XCBuildConfiguration section */
		146C078D2546DFB800170B6F /* Debug */ = {
			isa = XCBuildConfiguration;
			buildSettings = {
				ALWAYS_SEARCH_USER_PATHS = NO;
				CLANG_ANALYZER_NONNULL = YES;
				CLANG_ANALYZER_NUMBER_OBJECT_CONVERSION = YES_AGGRESSIVE;
				CLANG_CXX_LANGUAGE_STANDARD = "gnu++14";
				CLANG_CXX_LIBRARY = "libc++";
				CLANG_ENABLE_MODULES = YES;
				CLANG_ENABLE_OBJC_ARC = YES;
				CLANG_ENABLE_OBJC_WEAK = YES;
				CLANG_WARN_BLOCK_CAPTURE_AUTORELEASING = YES;
				CLANG_WARN_BOOL_CONVERSION = YES;
				CLANG_WARN_COMMA = YES;
				CLANG_WARN_CONSTANT_CONVERSION = YES;
				CLANG_WARN_DEPRECATED_OBJC_IMPLEMENTATIONS = YES;
				CLANG_WARN_DIRECT_OBJC_ISA_USAGE = YES_ERROR;
				CLANG_WARN_DOCUMENTATION_COMMENTS = YES;
				CLANG_WARN_EMPTY_BODY = YES;
				CLANG_WARN_ENUM_CONVERSION = YES;
				CLANG_WARN_INFINITE_RECURSION = YES;
				CLANG_WARN_INT_CONVERSION = YES;
				CLANG_WARN_NON_LITERAL_NULL_CONVERSION = YES;
				CLANG_WARN_OBJC_IMPLICIT_RETAIN_SELF = YES;
				CLANG_WARN_OBJC_LITERAL_CONVERSION = YES;
				CLANG_WARN_OBJC_ROOT_CLASS = YES_ERROR;
				CLANG_WARN_QUOTED_INCLUDE_IN_FRAMEWORK_HEADER = YES;
				CLANG_WARN_RANGE_LOOP_ANALYSIS = YES;
				CLANG_WARN_STRICT_PROTOTYPES = YES;
				CLANG_WARN_SUSPICIOUS_MOVE = YES;
				CLANG_WARN_UNGUARDED_AVAILABILITY = YES_AGGRESSIVE;
				CLANG_WARN_UNREACHABLE_CODE = YES;
				CLANG_WARN__DUPLICATE_METHOD_MATCH = YES;
				COPY_PHASE_STRIP = NO;
				DEBUG_INFORMATION_FORMAT = dwarf;
				ENABLE_STRICT_OBJC_MSGSEND = YES;
				ENABLE_TESTABILITY = YES;
				GCC_C_LANGUAGE_STANDARD = gnu11;
				GCC_DYNAMIC_NO_PIC = NO;
				GCC_NO_COMMON_BLOCKS = YES;
				GCC_OPTIMIZATION_LEVEL = 0;
				GCC_PREPROCESSOR_DEFINITIONS = (
					"DEBUG=1",
					"$(inherited)",
				);
				GCC_WARN_64_TO_32_BIT_CONVERSION = YES;
				GCC_WARN_ABOUT_RETURN_TYPE = YES_ERROR;
				GCC_WARN_UNDECLARED_SELECTOR = YES;
				GCC_WARN_UNINITIALIZED_AUTOS = YES_AGGRESSIVE;
				GCC_WARN_UNUSED_FUNCTION = YES;
				GCC_WARN_UNUSED_VARIABLE = YES;
				IPHONEOS_DEPLOYMENT_TARGET = 14.0;
				MTL_ENABLE_DEBUG_INFO = INCLUDE_SOURCE;
				MTL_FAST_MATH = YES;
				ONLY_ACTIVE_ARCH = YES;
				SDKROOT = iphoneos;
				SWIFT_ACTIVE_COMPILATION_CONDITIONS = DEBUG;
				SWIFT_OPTIMIZATION_LEVEL = "-Onone";
			};
			name = Debug;
		};
		146C078E2546DFB800170B6F /* Release */ = {
			isa = XCBuildConfiguration;
			buildSettings = {
				ALWAYS_SEARCH_USER_PATHS = NO;
				CLANG_ANALYZER_NONNULL = YES;
				CLANG_ANALYZER_NUMBER_OBJECT_CONVERSION = YES_AGGRESSIVE;
				CLANG_CXX_LANGUAGE_STANDARD = "gnu++14";
				CLANG_CXX_LIBRARY = "libc++";
				CLANG_ENABLE_MODULES = YES;
				CLANG_ENABLE_OBJC_ARC = YES;
				CLANG_ENABLE_OBJC_WEAK = YES;
				CLANG_WARN_BLOCK_CAPTURE_AUTORELEASING = YES;
				CLANG_WARN_BOOL_CONVERSION = YES;
				CLANG_WARN_COMMA = YES;
				CLANG_WARN_CONSTANT_CONVERSION = YES;
				CLANG_WARN_DEPRECATED_OBJC_IMPLEMENTATIONS = YES;
				CLANG_WARN_DIRECT_OBJC_ISA_USAGE = YES_ERROR;
				CLANG_WARN_DOCUMENTATION_COMMENTS = YES;
				CLANG_WARN_EMPTY_BODY = YES;
				CLANG_WARN_ENUM_CONVERSION = YES;
				CLANG_WARN_INFINITE_RECURSION = YES;
				CLANG_WARN_INT_CONVERSION = YES;
				CLANG_WARN_NON_LITERAL_NULL_CONVERSION = YES;
				CLANG_WARN_OBJC_IMPLICIT_RETAIN_SELF = YES;
				CLANG_WARN_OBJC_LITERAL_CONVERSION = YES;
				CLANG_WARN_OBJC_ROOT_CLASS = YES_ERROR;
				CLANG_WARN_QUOTED_INCLUDE_IN_FRAMEWORK_HEADER = YES;
				CLANG_WARN_RANGE_LOOP_ANALYSIS = YES;
				CLANG_WARN_STRICT_PROTOTYPES = YES;
				CLANG_WARN_SUSPICIOUS_MOVE = YES;
				CLANG_WARN_UNGUARDED_AVAILABILITY = YES_AGGRESSIVE;
				CLANG_WARN_UNREACHABLE_CODE = YES;
				CLANG_WARN__DUPLICATE_METHOD_MATCH = YES;
				COPY_PHASE_STRIP = NO;
				DEBUG_INFORMATION_FORMAT = "dwarf-with-dsym";
				ENABLE_NS_ASSERTIONS = NO;
				ENABLE_STRICT_OBJC_MSGSEND = YES;
				GCC_C_LANGUAGE_STANDARD = gnu11;
				GCC_NO_COMMON_BLOCKS = YES;
				GCC_WARN_64_TO_32_BIT_CONVERSION = YES;
				GCC_WARN_ABOUT_RETURN_TYPE = YES_ERROR;
				GCC_WARN_UNDECLARED_SELECTOR = YES;
				GCC_WARN_UNINITIALIZED_AUTOS = YES_AGGRESSIVE;
				GCC_WARN_UNUSED_FUNCTION = YES;
				GCC_WARN_UNUSED_VARIABLE = YES;
				IPHONEOS_DEPLOYMENT_TARGET = 14.0;
				MTL_ENABLE_DEBUG_INFO = NO;
				MTL_FAST_MATH = YES;
				SDKROOT = iphoneos;
				SWIFT_COMPILATION_MODE = wholemodule;
				SWIFT_OPTIMIZATION_LEVEL = "-O";
				VALIDATE_PRODUCT = YES;
			};
			name = Release;
		};
		146C07902546DFB800170B6F /* Debug */ = {
			isa = XCBuildConfiguration;
			buildSettings = {
				ASSETCATALOG_COMPILER_APPICON_NAME = AppIcon;
				ASSETCATALOG_COMPILER_GLOBAL_ACCENT_COLOR_NAME = AccentColor;
				CODE_SIGN_STYLE = Automatic;
				INFOPLIST_FILE = BatchUpdateDemo/Info.plist;
				IPHONEOS_DEPLOYMENT_TARGET = 13.0;
				LD_RUNPATH_SEARCH_PATHS = (
					"$(inherited)",
					"@executable_path/Frameworks",
				);
				PRODUCT_BUNDLE_IDENTIFIER = com.brille.BatchUpdateDemo;
				PRODUCT_NAME = "$(TARGET_NAME)";
				SWIFT_VERSION = 5.0;
				TARGETED_DEVICE_FAMILY = 2;
			};
			name = Debug;
		};
		146C07912546DFB800170B6F /* Release */ = {
			isa = XCBuildConfiguration;
			buildSettings = {
				ASSETCATALOG_COMPILER_APPICON_NAME = AppIcon;
				ASSETCATALOG_COMPILER_GLOBAL_ACCENT_COLOR_NAME = AccentColor;
				CODE_SIGN_STYLE = Automatic;
				INFOPLIST_FILE = BatchUpdateDemo/Info.plist;
				IPHONEOS_DEPLOYMENT_TARGET = 13.0;
				LD_RUNPATH_SEARCH_PATHS = (
					"$(inherited)",
					"@executable_path/Frameworks",
				);
				PRODUCT_BUNDLE_IDENTIFIER = com.brille.BatchUpdateDemo;
				PRODUCT_NAME = "$(TARGET_NAME)";
				SWIFT_VERSION = 5.0;
				TARGETED_DEVICE_FAMILY = 2;
			};
			name = Release;
		};
/* End XCBuildConfiguration section */

/* Begin XCConfigurationList section */
		146C07762546DFB400170B6F /* Build configuration list for PBXProject "BatchUpdateDemo" */ = {
			isa = XCConfigurationList;
			buildConfigurations = (
				146C078D2546DFB800170B6F /* Debug */,
				146C078E2546DFB800170B6F /* Release */,
			);
			defaultConfigurationIsVisible = 0;
			defaultConfigurationName = Release;
		};
		146C078F2546DFB800170B6F /* Build configuration list for PBXNativeTarget "BatchUpdateDemo" */ = {
			isa = XCConfigurationList;
			buildConfigurations = (
				146C07902546DFB800170B6F /* Debug */,
				146C07912546DFB800170B6F /* Release */,
			);
			defaultConfigurationIsVisible = 0;
			defaultConfigurationName = Release;
		};
/* End XCConfigurationList section */
	};
	rootObject = 146C07732546DFB400170B6F /* Project object */;
}
